
Microsoft Visual Studio Solution File, Format Version 12.00
# Visual Studio 2012
Project("{FAE04EC0-301F-11D3-BF4B-00C04F79EFBC}") = "Payment", "Payment\Payment.csproj", "{129B284A-1447-4EF1-BF80-2906C5B0BEDB}"
EndProject
Global
	GlobalSection(SolutionConfigurationPlatforms) = preSolution
		Debug|Any CPU = Debug|Any CPU
		Release|Any CPU = Release|Any CPU
	EndGlobalSection
	GlobalSection(ProjectConfigurationPlatforms) = postSolution
		{129B284A-1447-4EF1-BF80-2906C5B0BEDB}.Debug|Any CPU.ActiveCfg = Debug|Any CPU
		{129B284A-1447-4EF1-BF80-2906C5B0BEDB}.Debug|Any CPU.Build.0 = Debug|Any CPU
		{129B284A-1447-4EF1-BF80-2906C5B0BEDB}.Release|Any CPU.ActiveCfg = Release|Any CPU
		{129B284A-1447-4EF1-BF80-2906C5B0BEDB}.Release|Any CPU.Build.0 = Release|Any CPU
	EndGlobalSection
EndGlobal
